// !$*UTF8*$!
{
	archiveVersion = 1;
	classes = {
	};
	objectVersion = 77;
	objects = {

/* Begin PBXBuildFile section */
		027E614C0C5A6677BDCA713A /* SyncCenter.swift in Sources */ = {isa = PBXBuildFile; fileRef = B05E90F085DC4615167F339D /* SyncCenter.swift */; };
		02FE5D526CBAF544E54151CF /* StackTagsView.swift in Sources */ = {isa = PBXBuildFile; fileRef = 83A89AC153A961BD5538EBB5 /* StackTagsView.swift */; };
		036FF62ABA4324DDD2C24DA7 /* Session.swift in Sources */ = {isa = PBXBuildFile; fileRef = EB98EF2057AADE1216AC16BE /* Session.swift */; };
		04903C30AF1C89118FB0C3EA /* StatusBadge.swift in Sources */ = {isa = PBXBuildFile; fileRef = ADA00C79537232D46036FD9F /* StatusBadge.swift */; };
		0707B45270FF0524B744AB88 /* ContentView.swift in Sources */ = {isa = PBXBuildFile; fileRef = 8BB85DEEEFF1D3A3FD3D11B1 /* ContentView.swift */; };
		10055E87A419051815E73CB8 /* BacklogParserTests.swift in Sources */ = {isa = PBXBuildFile; fileRef = B453A5C1FE23D54363872F44 /* BacklogParserTests.swift */; };
		12A41C778B472F96412793FA /* ClaudeProjectsScanner.swift in Sources */ = {isa = PBXBuildFile; fileRef = 2D8F897EC237E7B26F5E7E51 /* ClaudeProjectsScanner.swift */; };
		12A51C87E328160493897F3C /* CloudKitSupport.swift in Sources */ = {isa = PBXBuildFile; fileRef = 727228974046ABC1C7F03629 /* CloudKitSupport.swift */; };
		166720D32652103B4BBF48A6 /* FormatTests.swift in Sources */ = {isa = PBXBuildFile; fileRef = 92BEB11C52906C2D5BC3F38F /* FormatTests.swift */; };
		1DC7FE7B1471D21DC50150A1 /* GlobalDashboardViewModelTests.swift in Sources */ = {isa = PBXBuildFile; fileRef = 13546BF0C667CF1909803725 /* GlobalDashboardViewModelTests.swift */; };
		20741C103194CD3AC4429744 /* AnthropicUsageClientTests.swift in Sources */ = {isa = PBXBuildFile; fileRef = D6FE8E0FD8F205F1FED73860 /* AnthropicUsageClientTests.swift */; };
		20A164EE567F5147E6F1F1C6 /* SyncCoordinator.swift in Sources */ = {isa = PBXBuildFile; fileRef = D6C976DC9F933DC084D89669 /* SyncCoordinator.swift */; };
		229AA55B6AEAC5E51EB59CDA /* CommitBarChartView.swift in Sources */ = {isa = PBXBuildFile; fileRef = 11055849722C237E30080CF4 /* CommitBarChartView.swift */; };
		2367F6EE392D228F774C17CF /* StatusSyncService.swift in Sources */ = {isa = PBXBuildFile; fileRef = 20EE78A82966F6718C3356A4 /* StatusSyncService.swift */; };
		2848EEFC60EFCA9A3DD5FD86 /* SyncStatusTests.swift in Sources */ = {isa = PBXBuildFile; fileRef = 7C13B0E742FE40D5441A941D /* SyncStatusTests.swift */; };
		29FDCA1D68300CFC75B6731E /* VibeCodeTrackerApp.swift in Sources */ = {isa = PBXBuildFile; fileRef = B7EE9CA34837154144CEC2DF /* VibeCodeTrackerApp.swift */; };
		2C68E312BEA2824523488D5F /* BacklogSyncService.swift in Sources */ = {isa = PBXBuildFile; fileRef = 2152FB3A251D0DC36D21774B /* BacklogSyncService.swift */; };
		2D46F330216BA0ECEFE2B9F6 /* BacklogSyncServiceTests.swift in Sources */ = {isa = PBXBuildFile; fileRef = A1AD5DE839DFCE8BC0E9D259 /* BacklogSyncServiceTests.swift */; };
		31152AD417654EB2D487ADEA /* BootstrapTests.swift in Sources */ = {isa = PBXBuildFile; fileRef = 0275905073114EE2F7E40BC5 /* BootstrapTests.swift */; };
		3238F54F4CE57E98266D0C62 /* BacklogItem.swift in Sources */ = {isa = PBXBuildFile; fileRef = 3017A3D87097C8D97470880E /* BacklogItem.swift */; };
		3431E4E36462B789C7A48916 /* Assets.xcassets in Resources */ = {isa = PBXBuildFile; fileRef = 733731D23B19E90D5331DC7B /* Assets.xcassets */; };
		3437196116C95066D5C5CEEF /* Log.swift in Sources */ = {isa = PBXBuildFile; fileRef = D0EA1FCDC0D058BEE8044A43 /* Log.swift */; };
		34818B4C82FC38522F2CE2D0 /* ClaudeProjectsScannerTests.swift in Sources */ = {isa = PBXBuildFile; fileRef = BE5117657535D8C250FAC99E /* ClaudeProjectsScannerTests.swift */; };
		34BDB4D3DDA75FF9C278AEB0 /* CommitsListView.swift in Sources */ = {isa = PBXBuildFile; fileRef = 083E2D6529BD739315435657 /* CommitsListView.swift */; };
		3548D294C865D4C334845F22 /* ModelPricing.swift in Sources */ = {isa = PBXBuildFile; fileRef = 55BF875059AAEAE8FC1BAF9D /* ModelPricing.swift */; };
		386922BCB7D50A9437DEC52F /* SessionsTableView.swift in Sources */ = {isa = PBXBuildFile; fileRef = 4D72BE3F1DAFFC83A6E3CD81 /* SessionsTableView.swift */; };
		39363A0FA6B9A3ED610B2182 /* SessionStatusEvaluator.swift in Sources */ = {isa = PBXBuildFile; fileRef = 660C95D82DDF342D57C35054 /* SessionStatusEvaluator.swift */; };
		393A7BBE13EE315F9D779D34 /* session-basic.jsonl in Resources */ = {isa = PBXBuildFile; fileRef = E697C1A2A66CCA64563C7347 /* session-basic.jsonl */; };
		3D4E1F46A834FF66D7DBA6D6 /* MockupSnapshotTests.swift in Sources */ = {isa = PBXBuildFile; fileRef = 246903F3CD4EE84320D0C6A5 /* MockupSnapshotTests.swift */; };
		41425DE389F5BB16857743CA /* Formatting.swift in Sources */ = {isa = PBXBuildFile; fileRef = CBD8A047F12FD1010CC8401C /* Formatting.swift */; };
		4451EC658BD663A0A48D9D8D /* SectionHeader.swift in Sources */ = {isa = PBXBuildFile; fileRef = A86A1E28A9C69EB17EEC142B /* SectionHeader.swift */; };
		4CEDBC54F464047B856560C1 /* StackDetector.swift in Sources */ = {isa = PBXBuildFile; fileRef = 4F9BD618DFD1055E5B06B69A /* StackDetector.swift */; };
		4D42A5186343751AD6FB250E /* BrandHeader.swift in Sources */ = {isa = PBXBuildFile; fileRef = 257C5715CE5FA4C186BA21D3 /* BrandHeader.swift */; };
		546D1561F5C050E5141893A3 /* ProjectDetailViewModelTests.swift in Sources */ = {isa = PBXBuildFile; fileRef = 6CAE3699D9026C20FA360787 /* ProjectDetailViewModelTests.swift */; };
		568841388CAA812AD03F8C84 /* TokenUsageSnapshot.swift in Sources */ = {isa = PBXBuildFile; fileRef = F992BF4ACD68C527D4587839 /* TokenUsageSnapshot.swift */; };
		583A7EDBA71DC10832BBC952 /* LaunchSplashView.swift in Sources */ = {isa = PBXBuildFile; fileRef = DDFE15CDEEDC86C79D60D2B9 /* LaunchSplashView.swift */; };
		6785AA491F28A2B47DBCA9AE /* SettingsView.swift in Sources */ = {isa = PBXBuildFile; fileRef = B8D048238EBC2FD760830039 /* SettingsView.swift */; };
		6B015537C2A1292E2FE6B3EB /* TestSupport.swift in Sources */ = {isa = PBXBuildFile; fileRef = 5022F5A74A8ED0468E460A49 /* TestSupport.swift */; };
		6BD9EFD2DA7FE40ABDD9EDCF /* Spacing.swift in Sources */ = {isa = PBXBuildFile; fileRef = F1DE76DB7D0DCB459A4AC94E /* Spacing.swift */; };
		6F6AEE66496539364128D88B /* GlobalDashboardView.swift in Sources */ = {isa = PBXBuildFile; fileRef = 90CFBCA34C269238DF2F27AA /* GlobalDashboardView.swift */; };
		737449089D97A65D271A62B6 /* CommitHeatmapView.swift in Sources */ = {isa = PBXBuildFile; fileRef = 81887B9FFBBFBAEC99D42279 /* CommitHeatmapView.swift */; };
		75B5F1B40977A9BB44919221 /* ProjectListView.swift in Sources */ = {isa = PBXBuildFile; fileRef = AD3DA618383C59454C60C422 /* ProjectListView.swift */; };
		76E6D7BBBAF6547E8E6B9C81 /* SessionsListView.swift in Sources */ = {isa = PBXBuildFile; fileRef = C052820C8C43F31CEECEDA2F /* SessionsListView.swift */; };
		7B92B8EEC3C0D37149244FDC /* JSONLParser.swift in Sources */ = {isa = PBXBuildFile; fileRef = 93FA0BC723164FCE75286FE0 /* JSONLParser.swift */; };
		7F2AB62A66376D0E67BE38C6 /* AnthropicUsageClient.swift in Sources */ = {isa = PBXBuildFile; fileRef = 90316612F1E1AC5A3EA98E28 /* AnthropicUsageClient.swift */; };
		85929DDC48131173A0F6F50C /* ProjectDetailView.swift in Sources */ = {isa = PBXBuildFile; fileRef = 3B7D1A0CAC335EE0B53AD2D4 /* ProjectDetailView.swift */; };
		8743B3616A051541B4A819C8 /* JSONLParserTests.swift in Sources */ = {isa = PBXBuildFile; fileRef = 8E7122994EA33632B4646EB5 /* JSONLParserTests.swift */; };
		898B258B85B4FE978B1B5F43 /* KeychainStore.swift in Sources */ = {isa = PBXBuildFile; fileRef = C26CED6253C11ACFF6DE25E7 /* KeychainStore.swift */; };
		8D194C80C1442B10551B91DE /* Card.swift in Sources */ = {isa = PBXBuildFile; fileRef = C1D8EADEBDB93AA62D9EE051 /* Card.swift */; };
		9741472ADC6A88F119D32CBC /* ProjectFilterTests.swift in Sources */ = {isa = PBXBuildFile; fileRef = 7038F1669723C6826EEA8621 /* ProjectFilterTests.swift */; };
		9B21547969640AB0FDE27CB8 /* BrandColor.swift in Sources */ = {isa = PBXBuildFile; fileRef = 2C9F71D191903FA15C61E094 /* BrandColor.swift */; };
		9C98CD17F235DEA1F2B0E2FF /* CommitHeatmapTests.swift in Sources */ = {isa = PBXBuildFile; fileRef = B0F4F4882332680FC96579BB /* CommitHeatmapTests.swift */; };
		9E8CC2B9DF08138AE10F5070 /* SessionStatusEvaluatorTests.swift in Sources */ = {isa = PBXBuildFile; fileRef = 8011D1CA876781D0715F2224 /* SessionStatusEvaluatorTests.swift */; };
		A0A6A2FB8A8246D819B9068A /* SessionSyncServiceTests.swift in Sources */ = {isa = PBXBuildFile; fileRef = EE665D73D6C13EABBD496F5A /* SessionSyncServiceTests.swift */; };
		AA0AE1B5E25477072BC37EF3 /* Preferences.swift in Sources */ = {isa = PBXBuildFile; fileRef = B90299CF6DCFD0F864A9DF01 /* Preferences.swift */; };
		ACC9493FC06A9589C6072CD9 /* DetailRouter.swift in Sources */ = {isa = PBXBuildFile; fileRef = FE6179FA376DD40703D99A45 /* DetailRouter.swift */; };
		ACE2C38D134A1007D5E4C74C /* BacklogParser.swift in Sources */ = {isa = PBXBuildFile; fileRef = CBEB4E555B0BB7C28BCE3A30 /* BacklogParser.swift */; };
		AD2D21DA3C0A682163631D31 /* StackSyncService.swift in Sources */ = {isa = PBXBuildFile; fileRef = 611975272100C86457C0CAE4 /* StackSyncService.swift */; };
		AD39834A152D8D5951588846 /* GitInspector.swift in Sources */ = {isa = PBXBuildFile; fileRef = 2F99E493E0758A305D20DADD /* GitInspector.swift */; };
		AF5EF956A88496C6C5D2BF01 /* LatestSessionsList.swift in Sources */ = {isa = PBXBuildFile; fileRef = CA3906BC2774E626BA6841C1 /* LatestSessionsList.swift */; };
		B02205880646EB5439B17352 /* UsageSyncService.swift in Sources */ = {isa = PBXBuildFile; fileRef = 144D6D1E401D9D7BA9C3B736 /* UsageSyncService.swift */; };
		B0263B291F68FE4C3D841018 /* KeychainStoreTests.swift in Sources */ = {isa = PBXBuildFile; fileRef = 1BC41254EF95B2C751A232BD /* KeychainStoreTests.swift */; };
		B3D27DAE71D77A0462394470 /* Persistence.swift in Sources */ = {isa = PBXBuildFile; fileRef = 14D603394F99A7064D66F8E1 /* Persistence.swift */; };
		B4169FB4DD65368361187C25 /* GlobalDashboardViewModel.swift in Sources */ = {isa = PBXBuildFile; fileRef = 51D4F192DB0316A95B26EB63 /* GlobalDashboardViewModel.swift */; };
		B5C2281663A5972A5FE60232 /* AppSchema.swift in Sources */ = {isa = PBXBuildFile; fileRef = 678905D3552C3DD4DFCC79D6 /* AppSchema.swift */; };
		C0E4CC449007F20789FAAB2F /* GitSyncService.swift in Sources */ = {isa = PBXBuildFile; fileRef = 58DA0ACE25C1318DDD37ECAE /* GitSyncService.swift */; };
		C3321D215DB4A691CA9EDE59 /* GitInspectorTests.swift in Sources */ = {isa = PBXBuildFile; fileRef = 5C0E5665A739DC4A42D1A291 /* GitInspectorTests.swift */; };
		C9163E6D70E46A2E2490F48C /* KPICard.swift in Sources */ = {isa = PBXBuildFile; fileRef = 15E41906EC59CD714B36EF16 /* KPICard.swift */; };
		D79E739DCC9B2715F7F7B790 /* BacklogView.swift in Sources */ = {isa = PBXBuildFile; fileRef = 999B99AAEFE8CF82257400DD /* BacklogView.swift */; };
		D81B3CFA07F1BF39A7885937 /* FileSyncState.swift in Sources */ = {isa = PBXBuildFile; fileRef = 4CB92E9E7B1C0AA8F69A9F09 /* FileSyncState.swift */; };
		D879E7EAE22E3C40738E24C4 /* ProjectDetailViewModel.swift in Sources */ = {isa = PBXBuildFile; fileRef = EF63CC02E7520F2F6A794399 /* ProjectDetailViewModel.swift */; };
		DF688FE06ED37DD8F2C5FA27 /* CommitBarsTests.swift in Sources */ = {isa = PBXBuildFile; fileRef = 0C7790A144CB63E1FFF05BA0 /* CommitBarsTests.swift */; };
		E11BA00041E0C941C055DCF2 /* StackDetectorTests.swift in Sources */ = {isa = PBXBuildFile; fileRef = CC802489958CD53BFA3E7753 /* StackDetectorTests.swift */; };
		E364C72E3F4647C06D8A3B7B /* KPITiers.swift in Sources */ = {isa = PBXBuildFile; fileRef = B5F2984A5041BDDC499827E2 /* KPITiers.swift */; };
		E6EBD6824A09C97ED38F75D1 /* ModelPricingTests.swift in Sources */ = {isa = PBXBuildFile; fileRef = A945DBD3B5E70AB2C6FEB1EA /* ModelPricingTests.swift */; };
		EAFD7E41E3E8AF33CF3C3F72 /* Project.swift in Sources */ = {isa = PBXBuildFile; fileRef = 08A218F48E836862EDBB376F /* Project.swift */; };
		F164D618A7F604B80FB69131 /* SessionSyncService.swift in Sources */ = {isa = PBXBuildFile; fileRef = 02F19CC91D99E7844DF60962 /* SessionSyncService.swift */; };
		F36DE127DD78B0B69D9346B7 /* Commit.swift in Sources */ = {isa = PBXBuildFile; fileRef = DE74E1A2919AE3A3FF553AFB /* Commit.swift */; };
/* End PBXBuildFile section */

/* Begin PBXContainerItemProxy section */
		4E9F297941826532B2D71D4F /* PBXContainerItemProxy */ = {
			isa = PBXContainerItemProxy;
			containerPortal = 87B0C911316A8C0AB2CA687E /* Project object */;
			proxyType = 1;
			remoteGlobalIDString = C27A3D4826DDA6F0AE96BD28;
			remoteInfo = VibeCodeTrackerApp;
		};
/* End PBXContainerItemProxy section */

/* Begin PBXFileReference section */
		0275905073114EE2F7E40BC5 /* BootstrapTests.swift */ = {isa = PBXFileReference; lastKnownFileType = sourcecode.swift; path = BootstrapTests.swift; sourceTree = "<group>"; };
		02F19CC91D99E7844DF60962 /* SessionSyncService.swift */ = {isa = PBXFileReference; lastKnownFileType = sourcecode.swift; path = SessionSyncService.swift; sourceTree = "<group>"; };
		083E2D6529BD739315435657 /* CommitsListView.swift */ = {isa = PBXFileReference; lastKnownFileType = sourcecode.swift; path = CommitsListView.swift; sourceTree = "<group>"; };
		08A218F48E836862EDBB376F /* Project.swift */ = {isa = PBXFileReference; lastKnownFileType = sourcecode.swift; path = Project.swift; sourceTree = "<group>"; };
		0C7790A144CB63E1FFF05BA0 /* CommitBarsTests.swift */ = {isa = PBXFileReference; lastKnownFileType = sourcecode.swift; path = CommitBarsTests.swift; sourceTree = "<group>"; };
		11055849722C237E30080CF4 /* CommitBarChartView.swift */ = {isa = PBXFileReference; lastKnownFileType = sourcecode.swift; path = CommitBarChartView.swift; sourceTree = "<group>"; };
		13546BF0C667CF1909803725 /* GlobalDashboardViewModelTests.swift */ = {isa = PBXFileReference; lastKnownFileType = sourcecode.swift; path = GlobalDashboardViewModelTests.swift; sourceTree = "<group>"; };
		144D6D1E401D9D7BA9C3B736 /* UsageSyncService.swift */ = {isa = PBXFileReference; lastKnownFileType = sourcecode.swift; path = UsageSyncService.swift; sourceTree = "<group>"; };
		14D603394F99A7064D66F8E1 /* Persistence.swift */ = {isa = PBXFileReference; lastKnownFileType = sourcecode.swift; path = Persistence.swift; sourceTree = "<group>"; };
		15E41906EC59CD714B36EF16 /* KPICard.swift */ = {isa = PBXFileReference; lastKnownFileType = sourcecode.swift; path = KPICard.swift; sourceTree = "<group>"; };
		1BC41254EF95B2C751A232BD /* KeychainStoreTests.swift */ = {isa = PBXFileReference; lastKnownFileType = sourcecode.swift; path = KeychainStoreTests.swift; sourceTree = "<group>"; };
		20EE78A82966F6718C3356A4 /* StatusSyncService.swift */ = {isa = PBXFileReference; lastKnownFileType = sourcecode.swift; path = StatusSyncService.swift; sourceTree = "<group>"; };
		2152FB3A251D0DC36D21774B /* BacklogSyncService.swift */ = {isa = PBXFileReference; lastKnownFileType = sourcecode.swift; path = BacklogSyncService.swift; sourceTree = "<group>"; };
		246903F3CD4EE84320D0C6A5 /* MockupSnapshotTests.swift */ = {isa = PBXFileReference; lastKnownFileType = sourcecode.swift; path = MockupSnapshotTests.swift; sourceTree = "<group>"; };
		257C5715CE5FA4C186BA21D3 /* BrandHeader.swift */ = {isa = PBXFileReference; lastKnownFileType = sourcecode.swift; path = BrandHeader.swift; sourceTree = "<group>"; };
		2C9F71D191903FA15C61E094 /* BrandColor.swift */ = {isa = PBXFileReference; lastKnownFileType = sourcecode.swift; path = BrandColor.swift; sourceTree = "<group>"; };
		2D8F897EC237E7B26F5E7E51 /* ClaudeProjectsScanner.swift */ = {isa = PBXFileReference; lastKnownFileType = sourcecode.swift; path = ClaudeProjectsScanner.swift; sourceTree = "<group>"; };
		2F99E493E0758A305D20DADD /* GitInspector.swift */ = {isa = PBXFileReference; lastKnownFileType = sourcecode.swift; path = GitInspector.swift; sourceTree = "<group>"; };
		3017A3D87097C8D97470880E /* BacklogItem.swift */ = {isa = PBXFileReference; lastKnownFileType = sourcecode.swift; path = BacklogItem.swift; sourceTree = "<group>"; };
		3B7D1A0CAC335EE0B53AD2D4 /* ProjectDetailView.swift */ = {isa = PBXFileReference; lastKnownFileType = sourcecode.swift; path = ProjectDetailView.swift; sourceTree = "<group>"; };
		4CB92E9E7B1C0AA8F69A9F09 /* FileSyncState.swift */ = {isa = PBXFileReference; lastKnownFileType = sourcecode.swift; path = FileSyncState.swift; sourceTree = "<group>"; };
		4D72BE3F1DAFFC83A6E3CD81 /* SessionsTableView.swift */ = {isa = PBXFileReference; lastKnownFileType = sourcecode.swift; path = SessionsTableView.swift; sourceTree = "<group>"; };
		4F9BD618DFD1055E5B06B69A /* StackDetector.swift */ = {isa = PBXFileReference; lastKnownFileType = sourcecode.swift; path = StackDetector.swift; sourceTree = "<group>"; };
		5022F5A74A8ED0468E460A49 /* TestSupport.swift */ = {isa = PBXFileReference; lastKnownFileType = sourcecode.swift; path = TestSupport.swift; sourceTree = "<group>"; };
		51D4F192DB0316A95B26EB63 /* GlobalDashboardViewModel.swift */ = {isa = PBXFileReference; lastKnownFileType = sourcecode.swift; path = GlobalDashboardViewModel.swift; sourceTree = "<group>"; };
		55BF875059AAEAE8FC1BAF9D /* ModelPricing.swift */ = {isa = PBXFileReference; lastKnownFileType = sourcecode.swift; path = ModelPricing.swift; sourceTree = "<group>"; };
		57E759AB698932C15846AE72 /* VibeCodeTrackerAppTests.xctest */ = {isa = PBXFileReference; explicitFileType = wrapper.cfbundle; includeInIndex = 0; path = VibeCodeTrackerAppTests.xctest; sourceTree = BUILT_PRODUCTS_DIR; };
		58DA0ACE25C1318DDD37ECAE /* GitSyncService.swift */ = {isa = PBXFileReference; lastKnownFileType = sourcecode.swift; path = GitSyncService.swift; sourceTree = "<group>"; };
		5C0E5665A739DC4A42D1A291 /* GitInspectorTests.swift */ = {isa = PBXFileReference; lastKnownFileType = sourcecode.swift; path = GitInspectorTests.swift; sourceTree = "<group>"; };
		611975272100C86457C0CAE4 /* StackSyncService.swift */ = {isa = PBXFileReference; lastKnownFileType = sourcecode.swift; path = StackSyncService.swift; sourceTree = "<group>"; };
		65A32D783AF338F280C9654C /* VibeCodeTrackerApp.app */ = {isa = PBXFileReference; explicitFileType = wrapper.application; includeInIndex = 0; path = VibeCodeTrackerApp.app; sourceTree = BUILT_PRODUCTS_DIR; };
		660C95D82DDF342D57C35054 /* SessionStatusEvaluator.swift */ = {isa = PBXFileReference; lastKnownFileType = sourcecode.swift; path = SessionStatusEvaluator.swift; sourceTree = "<group>"; };
		678905D3552C3DD4DFCC79D6 /* AppSchema.swift */ = {isa = PBXFileReference; lastKnownFileType = sourcecode.swift; path = AppSchema.swift; sourceTree = "<group>"; };
		6947D819E6153A1208C47493 /* Info.plist */ = {isa = PBXFileReference; lastKnownFileType = text.plist; path = Info.plist; sourceTree = "<group>"; };
		6CAE3699D9026C20FA360787 /* ProjectDetailViewModelTests.swift */ = {isa = PBXFileReference; lastKnownFileType = sourcecode.swift; path = ProjectDetailViewModelTests.swift; sourceTree = "<group>"; };
		7038F1669723C6826EEA8621 /* ProjectFilterTests.swift */ = {isa = PBXFileReference; lastKnownFileType = sourcecode.swift; path = ProjectFilterTests.swift; sourceTree = "<group>"; };
		727228974046ABC1C7F03629 /* CloudKitSupport.swift */ = {isa = PBXFileReference; lastKnownFileType = sourcecode.swift; path = CloudKitSupport.swift; sourceTree = "<group>"; };
		733731D23B19E90D5331DC7B /* Assets.xcassets */ = {isa = PBXFileReference; lastKnownFileType = folder.assetcatalog; path = Assets.xcassets; sourceTree = "<group>"; };
		7C13B0E742FE40D5441A941D /* SyncStatusTests.swift */ = {isa = PBXFileReference; lastKnownFileType = sourcecode.swift; path = SyncStatusTests.swift; sourceTree = "<group>"; };
		8011D1CA876781D0715F2224 /* SessionStatusEvaluatorTests.swift */ = {isa = PBXFileReference; lastKnownFileType = sourcecode.swift; path = SessionStatusEvaluatorTests.swift; sourceTree = "<group>"; };
		81887B9FFBBFBAEC99D42279 /* CommitHeatmapView.swift */ = {isa = PBXFileReference; lastKnownFileType = sourcecode.swift; path = CommitHeatmapView.swift; sourceTree = "<group>"; };
		83A89AC153A961BD5538EBB5 /* StackTagsView.swift */ = {isa = PBXFileReference; lastKnownFileType = sourcecode.swift; path = StackTagsView.swift; sourceTree = "<group>"; };
		8BB85DEEEFF1D3A3FD3D11B1 /* ContentView.swift */ = {isa = PBXFileReference; lastKnownFileType = sourcecode.swift; path = ContentView.swift; sourceTree = "<group>"; };
		8E7122994EA33632B4646EB5 /* JSONLParserTests.swift */ = {isa = PBXFileReference; lastKnownFileType = sourcecode.swift; path = JSONLParserTests.swift; sourceTree = "<group>"; };
		90316612F1E1AC5A3EA98E28 /* AnthropicUsageClient.swift */ = {isa = PBXFileReference; lastKnownFileType = sourcecode.swift; path = AnthropicUsageClient.swift; sourceTree = "<group>"; };
		90CFBCA34C269238DF2F27AA /* GlobalDashboardView.swift */ = {isa = PBXFileReference; lastKnownFileType = sourcecode.swift; path = GlobalDashboardView.swift; sourceTree = "<group>"; };
		92BEB11C52906C2D5BC3F38F /* FormatTests.swift */ = {isa = PBXFileReference; lastKnownFileType = sourcecode.swift; path = FormatTests.swift; sourceTree = "<group>"; };
		93FA0BC723164FCE75286FE0 /* JSONLParser.swift */ = {isa = PBXFileReference; lastKnownFileType = sourcecode.swift; path = JSONLParser.swift; sourceTree = "<group>"; };
		999B99AAEFE8CF82257400DD /* BacklogView.swift */ = {isa = PBXFileReference; lastKnownFileType = sourcecode.swift; path = BacklogView.swift; sourceTree = "<group>"; };
		A1AD5DE839DFCE8BC0E9D259 /* BacklogSyncServiceTests.swift */ = {isa = PBXFileReference; lastKnownFileType = sourcecode.swift; path = BacklogSyncServiceTests.swift; sourceTree = "<group>"; };
		A86A1E28A9C69EB17EEC142B /* SectionHeader.swift */ = {isa = PBXFileReference; lastKnownFileType = sourcecode.swift; path = SectionHeader.swift; sourceTree = "<group>"; };
		A945DBD3B5E70AB2C6FEB1EA /* ModelPricingTests.swift */ = {isa = PBXFileReference; lastKnownFileType = sourcecode.swift; path = ModelPricingTests.swift; sourceTree = "<group>"; };
		AD3DA618383C59454C60C422 /* ProjectListView.swift */ = {isa = PBXFileReference; lastKnownFileType = sourcecode.swift; path = ProjectListView.swift; sourceTree = "<group>"; };
		ADA00C79537232D46036FD9F /* StatusBadge.swift */ = {isa = PBXFileReference; lastKnownFileType = sourcecode.swift; path = StatusBadge.swift; sourceTree = "<group>"; };
		B05E90F085DC4615167F339D /* SyncCenter.swift */ = {isa = PBXFileReference; lastKnownFileType = sourcecode.swift; path = SyncCenter.swift; sourceTree = "<group>"; };
		B0F4F4882332680FC96579BB /* CommitHeatmapTests.swift */ = {isa = PBXFileReference; lastKnownFileType = sourcecode.swift; path = CommitHeatmapTests.swift; sourceTree = "<group>"; };
		B453A5C1FE23D54363872F44 /* BacklogParserTests.swift */ = {isa = PBXFileReference; lastKnownFileType = sourcecode.swift; path = BacklogParserTests.swift; sourceTree = "<group>"; };
		B5F2984A5041BDDC499827E2 /* KPITiers.swift */ = {isa = PBXFileReference; lastKnownFileType = sourcecode.swift; path = KPITiers.swift; sourceTree = "<group>"; };
		B7EE9CA34837154144CEC2DF /* VibeCodeTrackerApp.swift */ = {isa = PBXFileReference; lastKnownFileType = sourcecode.swift; path = VibeCodeTrackerApp.swift; sourceTree = "<group>"; };
		B8D048238EBC2FD760830039 /* SettingsView.swift */ = {isa = PBXFileReference; lastKnownFileType = sourcecode.swift; path = SettingsView.swift; sourceTree = "<group>"; };
		B90299CF6DCFD0F864A9DF01 /* Preferences.swift */ = {isa = PBXFileReference; lastKnownFileType = sourcecode.swift; path = Preferences.swift; sourceTree = "<group>"; };
		BE5117657535D8C250FAC99E /* ClaudeProjectsScannerTests.swift */ = {isa = PBXFileReference; lastKnownFileType = sourcecode.swift; path = ClaudeProjectsScannerTests.swift; sourceTree = "<group>"; };
		C052820C8C43F31CEECEDA2F /* SessionsListView.swift */ = {isa = PBXFileReference; lastKnownFileType = sourcecode.swift; path = SessionsListView.swift; sourceTree = "<group>"; };
		C1D8EADEBDB93AA62D9EE051 /* Card.swift */ = {isa = PBXFileReference; lastKnownFileType = sourcecode.swift; path = Card.swift; sourceTree = "<group>"; };
		C26CED6253C11ACFF6DE25E7 /* KeychainStore.swift */ = {isa = PBXFileReference; lastKnownFileType = sourcecode.swift; path = KeychainStore.swift; sourceTree = "<group>"; };
		CA3906BC2774E626BA6841C1 /* LatestSessionsList.swift */ = {isa = PBXFileReference; lastKnownFileType = sourcecode.swift; path = LatestSessionsList.swift; sourceTree = "<group>"; };
		CBD8A047F12FD1010CC8401C /* Formatting.swift */ = {isa = PBXFileReference; lastKnownFileType = sourcecode.swift; path = Formatting.swift; sourceTree = "<group>"; };
		CBEB4E555B0BB7C28BCE3A30 /* BacklogParser.swift */ = {isa = PBXFileReference; lastKnownFileType = sourcecode.swift; path = BacklogParser.swift; sourceTree = "<group>"; };
		CC802489958CD53BFA3E7753 /* StackDetectorTests.swift */ = {isa = PBXFileReference; lastKnownFileType = sourcecode.swift; path = StackDetectorTests.swift; sourceTree = "<group>"; };
		D0EA1FCDC0D058BEE8044A43 /* Log.swift */ = {isa = PBXFileReference; lastKnownFileType = sourcecode.swift; path = Log.swift; sourceTree = "<group>"; };
		D6C976DC9F933DC084D89669 /* SyncCoordinator.swift */ = {isa = PBXFileReference; lastKnownFileType = sourcecode.swift; path = SyncCoordinator.swift; sourceTree = "<group>"; };
		D6FE8E0FD8F205F1FED73860 /* AnthropicUsageClientTests.swift */ = {isa = PBXFileReference; lastKnownFileType = sourcecode.swift; path = AnthropicUsageClientTests.swift; sourceTree = "<group>"; };
		DDFE15CDEEDC86C79D60D2B9 /* LaunchSplashView.swift */ = {isa = PBXFileReference; lastKnownFileType = sourcecode.swift; path = LaunchSplashView.swift; sourceTree = "<group>"; };
		DE74E1A2919AE3A3FF553AFB /* Commit.swift */ = {isa = PBXFileReference; lastKnownFileType = sourcecode.swift; path = Commit.swift; sourceTree = "<group>"; };
		E697C1A2A66CCA64563C7347 /* session-basic.jsonl */ = {isa = PBXFileReference; path = "session-basic.jsonl"; sourceTree = "<group>"; };
		EB98EF2057AADE1216AC16BE /* Session.swift */ = {isa = PBXFileReference; lastKnownFileType = sourcecode.swift; path = Session.swift; sourceTree = "<group>"; };
		EE665D73D6C13EABBD496F5A /* SessionSyncServiceTests.swift */ = {isa = PBXFileReference; lastKnownFileType = sourcecode.swift; path = SessionSyncServiceTests.swift; sourceTree = "<group>"; };
		EF63CC02E7520F2F6A794399 /* ProjectDetailViewModel.swift */ = {isa = PBXFileReference; lastKnownFileType = sourcecode.swift; path = ProjectDetailViewModel.swift; sourceTree = "<group>"; };
		F1DE76DB7D0DCB459A4AC94E /* Spacing.swift */ = {isa = PBXFileReference; lastKnownFileType = sourcecode.swift; path = Spacing.swift; sourceTree = "<group>"; };
		F992BF4ACD68C527D4587839 /* TokenUsageSnapshot.swift */ = {isa = PBXFileReference; lastKnownFileType = sourcecode.swift; path = TokenUsageSnapshot.swift; sourceTree = "<group>"; };
		FE6179FA376DD40703D99A45 /* DetailRouter.swift */ = {isa = PBXFileReference; lastKnownFileType = sourcecode.swift; path = DetailRouter.swift; sourceTree = "<group>"; };
/* End PBXFileReference section */

/* Begin PBXGroup section */
		1141100D13A62AC69DB26309 /* Global */ = {
			isa = PBXGroup;
			children = (
				90CFBCA34C269238DF2F27AA /* GlobalDashboardView.swift */,
				15E41906EC59CD714B36EF16 /* KPICard.swift */,
				B5F2984A5041BDDC499827E2 /* KPITiers.swift */,
				CA3906BC2774E626BA6841C1 /* LatestSessionsList.swift */,
			);
			path = Global;
			sourceTree = "<group>";
		};
		1C84C9F99E91FE26F74008B8 /* App */ = {
			isa = PBXGroup;
			children = (
				678905D3552C3DD4DFCC79D6 /* AppSchema.swift */,
				727228974046ABC1C7F03629 /* CloudKitSupport.swift */,
				CBD8A047F12FD1010CC8401C /* Formatting.swift */,
				D0EA1FCDC0D058BEE8044A43 /* Log.swift */,
				14D603394F99A7064D66F8E1 /* Persistence.swift */,
				B90299CF6DCFD0F864A9DF01 /* Preferences.swift */,
				B05E90F085DC4615167F339D /* SyncCenter.swift */,
				D6C976DC9F933DC084D89669 /* SyncCoordinator.swift */,
			);
			path = App;
			sourceTree = "<group>";
		};
		29DC55A9D1DAF1EF18922F15 /* ViewModels */ = {
			isa = PBXGroup;
			children = (
				51D4F192DB0316A95B26EB63 /* GlobalDashboardViewModel.swift */,
				EF63CC02E7520F2F6A794399 /* ProjectDetailViewModel.swift */,
			);
			path = ViewModels;
			sourceTree = "<group>";
		};
		3060D0EB669A9C3791B1EE15 /* Products */ = {
			isa = PBXGroup;
			children = (
				65A32D783AF338F280C9654C /* VibeCodeTrackerApp.app */,
				57E759AB698932C15846AE72 /* VibeCodeTrackerAppTests.xctest */,
			);
			name = Products;
			sourceTree = "<group>";
		};
		46336C8CEFD3E1A2C4DA1F05 /* Models */ = {
			isa = PBXGroup;
			children = (
				3017A3D87097C8D97470880E /* BacklogItem.swift */,
				DE74E1A2919AE3A3FF553AFB /* Commit.swift */,
				4CB92E9E7B1C0AA8F69A9F09 /* FileSyncState.swift */,
				08A218F48E836862EDBB376F /* Project.swift */,
				EB98EF2057AADE1216AC16BE /* Session.swift */,
				F992BF4ACD68C527D4587839 /* TokenUsageSnapshot.swift */,
			);
			path = Models;
			sourceTree = "<group>";
		};
		494E302F48B1F22F8D5FD878 /* Project */ = {
			isa = PBXGroup;
			children = (
				999B99AAEFE8CF82257400DD /* BacklogView.swift */,
				11055849722C237E30080CF4 /* CommitBarChartView.swift */,
				81887B9FFBBFBAEC99D42279 /* CommitHeatmapView.swift */,
				083E2D6529BD739315435657 /* CommitsListView.swift */,
				3B7D1A0CAC335EE0B53AD2D4 /* ProjectDetailView.swift */,
				C052820C8C43F31CEECEDA2F /* SessionsListView.swift */,
				4D72BE3F1DAFFC83A6E3CD81 /* SessionsTableView.swift */,
			);
			path = Project;
			sourceTree = "<group>";
		};
		60FF09FE5431EAD6913D268B /* VibeCodeTrackerAppTests */ = {
			isa = PBXGroup;
			children = (
				6BA32FA46B87492255CC747E /* Fixtures */,
				D6FE8E0FD8F205F1FED73860 /* AnthropicUsageClientTests.swift */,
				B453A5C1FE23D54363872F44 /* BacklogParserTests.swift */,
				A1AD5DE839DFCE8BC0E9D259 /* BacklogSyncServiceTests.swift */,
				0275905073114EE2F7E40BC5 /* BootstrapTests.swift */,
				BE5117657535D8C250FAC99E /* ClaudeProjectsScannerTests.swift */,
				0C7790A144CB63E1FFF05BA0 /* CommitBarsTests.swift */,
				B0F4F4882332680FC96579BB /* CommitHeatmapTests.swift */,
				92BEB11C52906C2D5BC3F38F /* FormatTests.swift */,
				5C0E5665A739DC4A42D1A291 /* GitInspectorTests.swift */,
				13546BF0C667CF1909803725 /* GlobalDashboardViewModelTests.swift */,
				8E7122994EA33632B4646EB5 /* JSONLParserTests.swift */,
				1BC41254EF95B2C751A232BD /* KeychainStoreTests.swift */,
				246903F3CD4EE84320D0C6A5 /* MockupSnapshotTests.swift */,
				A945DBD3B5E70AB2C6FEB1EA /* ModelPricingTests.swift */,
				6CAE3699D9026C20FA360787 /* ProjectDetailViewModelTests.swift */,
				7038F1669723C6826EEA8621 /* ProjectFilterTests.swift */,
				8011D1CA876781D0715F2224 /* SessionStatusEvaluatorTests.swift */,
				EE665D73D6C13EABBD496F5A /* SessionSyncServiceTests.swift */,
				CC802489958CD53BFA3E7753 /* StackDetectorTests.swift */,
				7C13B0E742FE40D5441A941D /* SyncStatusTests.swift */,
				5022F5A74A8ED0468E460A49 /* TestSupport.swift */,
			);
			path = VibeCodeTrackerAppTests;
			sourceTree = "<group>";
		};
		69F4A3BF361E7B6C0E904CBB /* Components */ = {
			isa = PBXGroup;
			children = (
				2C9F71D191903FA15C61E094 /* BrandColor.swift */,
				257C5715CE5FA4C186BA21D3 /* BrandHeader.swift */,
				C1D8EADEBDB93AA62D9EE051 /* Card.swift */,
				DDFE15CDEEDC86C79D60D2B9 /* LaunchSplashView.swift */,
				A86A1E28A9C69EB17EEC142B /* SectionHeader.swift */,
				F1DE76DB7D0DCB459A4AC94E /* Spacing.swift */,
				83A89AC153A961BD5538EBB5 /* StackTagsView.swift */,
				ADA00C79537232D46036FD9F /* StatusBadge.swift */,
			);
			path = Components;
			sourceTree = "<group>";
		};
		6BA32FA46B87492255CC747E /* Fixtures */ = {
			isa = PBXGroup;
			children = (
				E697C1A2A66CCA64563C7347 /* session-basic.jsonl */,
			);
			path = Fixtures;
			sourceTree = "<group>";
		};
		7CB3E140A8DFD366FAD32619 /* Views */ = {
			isa = PBXGroup;
			children = (
				69F4A3BF361E7B6C0E904CBB /* Components */,
				1141100D13A62AC69DB26309 /* Global */,
				494E302F48B1F22F8D5FD878 /* Project */,
				923F0409A0D7D09C85AC43F8 /* Settings */,
				8BB85DEEEFF1D3A3FD3D11B1 /* ContentView.swift */,
				FE6179FA376DD40703D99A45 /* DetailRouter.swift */,
				AD3DA618383C59454C60C422 /* ProjectListView.swift */,
			);
			path = Views;
			sourceTree = "<group>";
		};
		923F0409A0D7D09C85AC43F8 /* Settings */ = {
			isa = PBXGroup;
			children = (
				B8D048238EBC2FD760830039 /* SettingsView.swift */,
			);
			path = Settings;
			sourceTree = "<group>";
		};
		AD9D0B051B61E097FBE90840 /* Services */ = {
			isa = PBXGroup;
			children = (
				90316612F1E1AC5A3EA98E28 /* AnthropicUsageClient.swift */,
				CBEB4E555B0BB7C28BCE3A30 /* BacklogParser.swift */,
				2152FB3A251D0DC36D21774B /* BacklogSyncService.swift */,
				2D8F897EC237E7B26F5E7E51 /* ClaudeProjectsScanner.swift */,
				2F99E493E0758A305D20DADD /* GitInspector.swift */,
				58DA0ACE25C1318DDD37ECAE /* GitSyncService.swift */,
				93FA0BC723164FCE75286FE0 /* JSONLParser.swift */,
				C26CED6253C11ACFF6DE25E7 /* KeychainStore.swift */,
				55BF875059AAEAE8FC1BAF9D /* ModelPricing.swift */,
				660C95D82DDF342D57C35054 /* SessionStatusEvaluator.swift */,
				02F19CC91D99E7844DF60962 /* SessionSyncService.swift */,
				4F9BD618DFD1055E5B06B69A /* StackDetector.swift */,
				611975272100C86457C0CAE4 /* StackSyncService.swift */,
				20EE78A82966F6718C3356A4 /* StatusSyncService.swift */,
				144D6D1E401D9D7BA9C3B736 /* UsageSyncService.swift */,
			);
			path = Services;
			sourceTree = "<group>";
		};
		B5F8C9E668E73CC10B147ECB /* Resources */ = {
			isa = PBXGroup;
			children = (
				733731D23B19E90D5331DC7B /* Assets.xcassets */,
			);
			path = Resources;
			sourceTree = "<group>";
		};
		CD50BFD9D3206B80A7497AFB = {
			isa = PBXGroup;
			children = (
				FE3F82851E0980D5352A86F7 /* VibeCodeTrackerApp */,
				60FF09FE5431EAD6913D268B /* VibeCodeTrackerAppTests */,
				3060D0EB669A9C3791B1EE15 /* Products */,
			);
			sourceTree = "<group>";
		};
		FE3F82851E0980D5352A86F7 /* VibeCodeTrackerApp */ = {
			isa = PBXGroup;
			children = (
				1C84C9F99E91FE26F74008B8 /* App */,
				46336C8CEFD3E1A2C4DA1F05 /* Models */,
				B5F8C9E668E73CC10B147ECB /* Resources */,
				AD9D0B051B61E097FBE90840 /* Services */,
				29DC55A9D1DAF1EF18922F15 /* ViewModels */,
				7CB3E140A8DFD366FAD32619 /* Views */,
				6947D819E6153A1208C47493 /* Info.plist */,
				B7EE9CA34837154144CEC2DF /* VibeCodeTrackerApp.swift */,
			);
			path = VibeCodeTrackerApp;
			sourceTree = "<group>";
		};
/* End PBXGroup section */

/* Begin PBXNativeTarget section */
		C27A3D4826DDA6F0AE96BD28 /* VibeCodeTrackerApp */ = {
			isa = PBXNativeTarget;
			buildConfigurationList = B118B62ADC1210D6076742EB /* Build configuration list for PBXNativeTarget "VibeCodeTrackerApp" */;
			buildPhases = (
				D40E43C02DB43BA83DAB26A2 /* Sources */,
				83D668D7F956E27AC264AEEC /* Resources */,
			);
			buildRules = (
			);
			dependencies = (
			);
			name = VibeCodeTrackerApp;
			packageProductDependencies = (
			);
			productName = VibeCodeTrackerApp;
			productReference = 65A32D783AF338F280C9654C /* VibeCodeTrackerApp.app */;
			productType = "com.apple.product-type.application";
		};
		F10ECF7B22B0144B1B0D5431 /* VibeCodeTrackerAppTests */ = {
			isa = PBXNativeTarget;
			buildConfigurationList = DAC446CAE15F8D9DE15DB47F /* Build configuration list for PBXNativeTarget "VibeCodeTrackerAppTests" */;
			buildPhases = (
				328ADECE393BA793B4F104AE /* Sources */,
				A0FB6A723D5704A487E4DD81 /* Resources */,
			);
			buildRules = (
			);
			dependencies = (
				658B03B40784C0DD76648D7D /* PBXTargetDependency */,
			);
			name = VibeCodeTrackerAppTests;
			packageProductDependencies = (
			);
			productName = VibeCodeTrackerAppTests;
			productReference = 57E759AB698932C15846AE72 /* VibeCodeTrackerAppTests.xctest */;
			productType = "com.apple.product-type.bundle.unit-test";
		};
/* End PBXNativeTarget section */

/* Begin PBXProject section */
		87B0C911316A8C0AB2CA687E /* Project object */ = {
			isa = PBXProject;
			attributes = {
				BuildIndependentTargetsInParallel = YES;
				LastUpgradeCheck = 1430;
				TargetAttributes = {
					C27A3D4826DDA6F0AE96BD28 = {
						DevelopmentTeam = "";
					};
					F10ECF7B22B0144B1B0D5431 = {
						DevelopmentTeam = "";
					};
				};
			};
			buildConfigurationList = 2C8FE545420B44E4C93CA487 /* Build configuration list for PBXProject "VibeCodeTrackerApp" */;
			developmentRegion = en;
			hasScannedForEncodings = 0;
			knownRegions = (
				Base,
				en,
			);
			mainGroup = CD50BFD9D3206B80A7497AFB;
			minimizedProjectReferenceProxies = 1;
			preferredProjectObjectVersion = 77;
			productRefGroup = 3060D0EB669A9C3791B1EE15 /* Products */;
			projectDirPath = "";
			projectRoot = "";
			targets = (
				C27A3D4826DDA6F0AE96BD28 /* VibeCodeTrackerApp */,
				F10ECF7B22B0144B1B0D5431 /* VibeCodeTrackerAppTests */,
			);
		};
/* End PBXProject section */

/* Begin PBXResourcesBuildPhase section */
		83D668D7F956E27AC264AEEC /* Resources */ = {
			isa = PBXResourcesBuildPhase;
			buildActionMask = 2147483647;
			files = (
				3431E4E36462B789C7A48916 /* Assets.xcassets in Resources */,
			);
			runOnlyForDeploymentPostprocessing = 0;
		};
		A0FB6A723D5704A487E4DD81 /* Resources */ = {
			isa = PBXResourcesBuildPhase;
			buildActionMask = 2147483647;
			files = (
				393A7BBE13EE315F9D779D34 /* session-basic.jsonl in Resources */,
			);
			runOnlyForDeploymentPostprocessing = 0;
		};
/* End PBXResourcesBuildPhase section */

/* Begin PBXSourcesBuildPhase section */
		328ADECE393BA793B4F104AE /* Sources */ = {
			isa = PBXSourcesBuildPhase;
			buildActionMask = 2147483647;
			files = (
				20741C103194CD3AC4429744 /* AnthropicUsageClientTests.swift in Sources */,
				10055E87A419051815E73CB8 /* BacklogParserTests.swift in Sources */,
				2D46F330216BA0ECEFE2B9F6 /* BacklogSyncServiceTests.swift in Sources */,
				31152AD417654EB2D487ADEA /* BootstrapTests.swift in Sources */,
				34818B4C82FC38522F2CE2D0 /* ClaudeProjectsScannerTests.swift in Sources */,
				DF688FE06ED37DD8F2C5FA27 /* CommitBarsTests.swift in Sources */,
				9C98CD17F235DEA1F2B0E2FF /* CommitHeatmapTests.swift in Sources */,
				166720D32652103B4BBF48A6 /* FormatTests.swift in Sources */,
				C3321D215DB4A691CA9EDE59 /* GitInspectorTests.swift in Sources */,
				1DC7FE7B1471D21DC50150A1 /* GlobalDashboardViewModelTests.swift in Sources */,
				8743B3616A051541B4A819C8 /* JSONLParserTests.swift in Sources */,
				B0263B291F68FE4C3D841018 /* KeychainStoreTests.swift in Sources */,
				3D4E1F46A834FF66D7DBA6D6 /* MockupSnapshotTests.swift in Sources */,
				E6EBD6824A09C97ED38F75D1 /* ModelPricingTests.swift in Sources */,
				546D1561F5C050E5141893A3 /* ProjectDetailViewModelTests.swift in Sources */,
				9741472ADC6A88F119D32CBC /* ProjectFilterTests.swift in Sources */,
				9E8CC2B9DF08138AE10F5070 /* SessionStatusEvaluatorTests.swift in Sources */,
				A0A6A2FB8A8246D819B9068A /* SessionSyncServiceTests.swift in Sources */,
				E11BA00041E0C941C055DCF2 /* StackDetectorTests.swift in Sources */,
				2848EEFC60EFCA9A3DD5FD86 /* SyncStatusTests.swift in Sources */,
				6B015537C2A1292E2FE6B3EB /* TestSupport.swift in Sources */,
			);
			runOnlyForDeploymentPostprocessing = 0;
		};
		D40E43C02DB43BA83DAB26A2 /* Sources */ = {
			isa = PBXSourcesBuildPhase;
			buildActionMask = 2147483647;
			files = (
				7F2AB62A66376D0E67BE38C6 /* AnthropicUsageClient.swift in Sources */,
				B5C2281663A5972A5FE60232 /* AppSchema.swift in Sources */,
				3238F54F4CE57E98266D0C62 /* BacklogItem.swift in Sources */,
				ACE2C38D134A1007D5E4C74C /* BacklogParser.swift in Sources */,
				2C68E312BEA2824523488D5F /* BacklogSyncService.swift in Sources */,
				D79E739DCC9B2715F7F7B790 /* BacklogView.swift in Sources */,
				9B21547969640AB0FDE27CB8 /* BrandColor.swift in Sources */,
				4D42A5186343751AD6FB250E /* BrandHeader.swift in Sources */,
				8D194C80C1442B10551B91DE /* Card.swift in Sources */,
				12A41C778B472F96412793FA /* ClaudeProjectsScanner.swift in Sources */,
				12A51C87E328160493897F3C /* CloudKitSupport.swift in Sources */,
				F36DE127DD78B0B69D9346B7 /* Commit.swift in Sources */,
				229AA55B6AEAC5E51EB59CDA /* CommitBarChartView.swift in Sources */,
				737449089D97A65D271A62B6 /* CommitHeatmapView.swift in Sources */,
				34BDB4D3DDA75FF9C278AEB0 /* CommitsListView.swift in Sources */,
				0707B45270FF0524B744AB88 /* ContentView.swift in Sources */,
				ACC9493FC06A9589C6072CD9 /* DetailRouter.swift in Sources */,
				D81B3CFA07F1BF39A7885937 /* FileSyncState.swift in Sources */,
				41425DE389F5BB16857743CA /* Formatting.swift in Sources */,
				AD39834A152D8D5951588846 /* GitInspector.swift in Sources */,
				C0E4CC449007F20789FAAB2F /* GitSyncService.swift in Sources */,
				6F6AEE66496539364128D88B /* GlobalDashboardView.swift in Sources */,
				B4169FB4DD65368361187C25 /* GlobalDashboardViewModel.swift in Sources */,
				7B92B8EEC3C0D37149244FDC /* JSONLParser.swift in Sources */,
				C9163E6D70E46A2E2490F48C /* KPICard.swift in Sources */,
				E364C72E3F4647C06D8A3B7B /* KPITiers.swift in Sources */,
				898B258B85B4FE978B1B5F43 /* KeychainStore.swift in Sources */,
				AF5EF956A88496C6C5D2BF01 /* LatestSessionsList.swift in Sources */,
				583A7EDBA71DC10832BBC952 /* LaunchSplashView.swift in Sources */,
				3437196116C95066D5C5CEEF /* Log.swift in Sources */,
				3548D294C865D4C334845F22 /* ModelPricing.swift in Sources */,
				B3D27DAE71D77A0462394470 /* Persistence.swift in Sources */,
				AA0AE1B5E25477072BC37EF3 /* Preferences.swift in Sources */,
				EAFD7E41E3E8AF33CF3C3F72 /* Project.swift in Sources */,
				85929DDC48131173A0F6F50C /* ProjectDetailView.swift in Sources */,
				D879E7EAE22E3C40738E24C4 /* ProjectDetailViewModel.swift in Sources */,
				75B5F1B40977A9BB44919221 /* ProjectListView.swift in Sources */,
				4451EC658BD663A0A48D9D8D /* SectionHeader.swift in Sources */,
				036FF62ABA4324DDD2C24DA7 /* Session.swift in Sources */,
				39363A0FA6B9A3ED610B2182 /* SessionStatusEvaluator.swift in Sources */,
				F164D618A7F604B80FB69131 /* SessionSyncService.swift in Sources */,
				76E6D7BBBAF6547E8E6B9C81 /* SessionsListView.swift in Sources */,
				386922BCB7D50A9437DEC52F /* SessionsTableView.swift in Sources */,
				6785AA491F28A2B47DBCA9AE /* SettingsView.swift in Sources */,
				6BD9EFD2DA7FE40ABDD9EDCF /* Spacing.swift in Sources */,
				4CEDBC54F464047B856560C1 /* StackDetector.swift in Sources */,
				AD2D21DA3C0A682163631D31 /* StackSyncService.swift in Sources */,
				02FE5D526CBAF544E54151CF /* StackTagsView.swift in Sources */,
				04903C30AF1C89118FB0C3EA /* StatusBadge.swift in Sources */,
				2367F6EE392D228F774C17CF /* StatusSyncService.swift in Sources */,
				027E614C0C5A6677BDCA713A /* SyncCenter.swift in Sources */,
				20A164EE567F5147E6F1F1C6 /* SyncCoordinator.swift in Sources */,
				568841388CAA812AD03F8C84 /* TokenUsageSnapshot.swift in Sources */,
				B02205880646EB5439B17352 /* UsageSyncService.swift in Sources */,
				29FDCA1D68300CFC75B6731E /* VibeCodeTrackerApp.swift in Sources */,
			);
			runOnlyForDeploymentPostprocessing = 0;
		};
/* End PBXSourcesBuildPhase section */

/* Begin PBXTargetDependency section */
		658B03B40784C0DD76648D7D /* PBXTargetDependency */ = {
			isa = PBXTargetDependency;
			target = C27A3D4826DDA6F0AE96BD28 /* VibeCodeTrackerApp */;
			targetProxy = 4E9F297941826532B2D71D4F /* PBXContainerItemProxy */;
		};
/* End PBXTargetDependency section */

/* Begin XCBuildConfiguration section */
		596ACD4FB700933BA392B5B4 /* Debug */ = {
			isa = XCBuildConfiguration;
			buildSettings = {
				ASSETCATALOG_COMPILER_APPICON_NAME = AppIcon;
				ASSETCATALOG_COMPILER_GLOBAL_ACCENT_COLOR_NAME = AccentColor;
				COMBINE_HIDPI_IMAGES = YES;
				ENABLE_PREVIEWS = YES;
				GENERATE_INFOPLIST_FILE = NO;
				INFOPLIST_FILE = VibeCodeTrackerApp/Info.plist;
				LD_RUNPATH_SEARCH_PATHS = (
					"$(inherited)",
					"@executable_path/../Frameworks",
				);
				PRODUCT_BUNDLE_IDENTIFIER = tech.yannick.vibecodetracker;
				PRODUCT_NAME = VibeCodeTrackerApp;
				SDKROOT = macosx;
			};
			name = Debug;
		};
		5A1DDED7CA862006D65C5605 /* Release */ = {
			isa = XCBuildConfiguration;
			buildSettings = {
				ASSETCATALOG_COMPILER_APPICON_NAME = AppIcon;
				ASSETCATALOG_COMPILER_GLOBAL_ACCENT_COLOR_NAME = AccentColor;
				COMBINE_HIDPI_IMAGES = YES;
				ENABLE_PREVIEWS = YES;
				GENERATE_INFOPLIST_FILE = NO;
				INFOPLIST_FILE = VibeCodeTrackerApp/Info.plist;
				LD_RUNPATH_SEARCH_PATHS = (
					"$(inherited)",
					"@executable_path/../Frameworks",
				);
				PRODUCT_BUNDLE_IDENTIFIER = tech.yannick.vibecodetracker;
				PRODUCT_NAME = VibeCodeTrackerApp;
				SDKROOT = macosx;
			};
			name = Release;
		};
		77B56ECD599A284FD1BCF7AB /* Debug */ = {
			isa = XCBuildConfiguration;
			buildSettings = {
				BUNDLE_LOADER = "$(TEST_HOST)";
				COMBINE_HIDPI_IMAGES = YES;
				GENERATE_INFOPLIST_FILE = YES;
				LD_RUNPATH_SEARCH_PATHS = (
					"$(inherited)",
					"@executable_path/../Frameworks",
					"@loader_path/../Frameworks",
				);
				PRODUCT_BUNDLE_IDENTIFIER = tech.yannick.vibecodetrackerTests;
				SDKROOT = macosx;
				TEST_HOST = "$(BUILT_PRODUCTS_DIR)/VibeCodeTrackerApp.app/Contents/MacOS/VibeCodeTrackerApp";
			};
			name = Debug;
		};
		C913E2A2C9243CD9D713C544 /* Release */ = {
			isa = XCBuildConfiguration;
			buildSettings = {
				BUNDLE_LOADER = "$(TEST_HOST)";
				COMBINE_HIDPI_IMAGES = YES;
				GENERATE_INFOPLIST_FILE = YES;
				LD_RUNPATH_SEARCH_PATHS = (
					"$(inherited)",
					"@executable_path/../Frameworks",
					"@loader_path/../Frameworks",
				);
				PRODUCT_BUNDLE_IDENTIFIER = tech.yannick.vibecodetrackerTests;
				SDKROOT = macosx;
				TEST_HOST = "$(BUILT_PRODUCTS_DIR)/VibeCodeTrackerApp.app/Contents/MacOS/VibeCodeTrackerApp";
			};
			name = Release;
		};
		E288A77ADA0C50A6ABA020D0 /* Debug */ = {
			isa = XCBuildConfiguration;
			buildSettings = {
				ALWAYS_SEARCH_USER_PATHS = NO;
				CLANG_ANALYZER_NONNULL = YES;
				CLANG_ANALYZER_NUMBER_OBJECT_CONVERSION = YES_AGGRESSIVE;
				CLANG_CXX_LANGUAGE_STANDARD = "gnu++14";
				CLANG_CXX_LIBRARY = "libc++";
				CLANG_ENABLE_MODULES = YES;
				CLANG_ENABLE_OBJC_ARC = YES;
				CLANG_ENABLE_OBJC_WEAK = YES;
				CLANG_WARN_BLOCK_CAPTURE_AUTORELEASING = YES;
				CLANG_WARN_BOOL_CONVERSION = YES;
				CLANG_WARN_COMMA = YES;
				CLANG_WARN_CONSTANT_CONVERSION = YES;
				CLANG_WARN_DEPRECATED_OBJC_IMPLEMENTATIONS = YES;
				CLANG_WARN_DIRECT_OBJC_ISA_USAGE = YES_ERROR;
				CLANG_WARN_DOCUMENTATION_COMMENTS = YES;
				CLANG_WARN_EMPTY_BODY = YES;
				CLANG_WARN_ENUM_CONVERSION = YES;
				CLANG_WARN_INFINITE_RECURSION = YES;
				CLANG_WARN_INT_CONVERSION = YES;
				CLANG_WARN_NON_LITERAL_NULL_CONVERSION = YES;
				CLANG_WARN_OBJC_IMPLICIT_RETAIN_SELF = YES;
				CLANG_WARN_OBJC_LITERAL_CONVERSION = YES;
				CLANG_WARN_OBJC_ROOT_CLASS = YES_ERROR;
				CLANG_WARN_QUOTED_INCLUDE_IN_FRAMEWORK_HEADER = YES;
				CLANG_WARN_RANGE_LOOP_ANALYSIS = YES;
				CLANG_WARN_STRICT_PROTOTYPES = YES;
				CLANG_WARN_SUSPICIOUS_MOVE = YES;
				CLANG_WARN_UNGUARDED_AVAILABILITY = YES_AGGRESSIVE;
				CLANG_WARN_UNREACHABLE_CODE = YES;
				CLANG_WARN__DUPLICATE_METHOD_MATCH = YES;
				CODE_SIGNING_ALLOWED = NO;
				CODE_SIGNING_REQUIRED = NO;
				CODE_SIGN_IDENTITY = "";
				COPY_PHASE_STRIP = NO;
				CURRENT_PROJECT_VERSION = 1;
				DEBUG_INFORMATION_FORMAT = dwarf;
				DEVELOPMENT_TEAM = "";
				ENABLE_HARDENED_RUNTIME = NO;
				ENABLE_STRICT_OBJC_MSGSEND = YES;
				ENABLE_TESTABILITY = YES;
				GCC_C_LANGUAGE_STANDARD = gnu11;
				GCC_DYNAMIC_NO_PIC = NO;
				GCC_NO_COMMON_BLOCKS = YES;
				GCC_OPTIMIZATION_LEVEL = 0;
				GCC_PREPROCESSOR_DEFINITIONS = (
					"$(inherited)",
					"DEBUG=1",
				);
				GCC_WARN_64_TO_32_BIT_CONVERSION = YES;
				GCC_WARN_ABOUT_RETURN_TYPE = YES_ERROR;
				GCC_WARN_UNDECLARED_SELECTOR = YES;
				GCC_WARN_UNINITIALIZED_AUTOS = YES_AGGRESSIVE;
				GCC_WARN_UNUSED_FUNCTION = YES;
				GCC_WARN_UNUSED_VARIABLE = YES;
				MACOSX_DEPLOYMENT_TARGET = 14.0;
				MARKETING_VERSION = 0.1.0;
				MTL_ENABLE_DEBUG_INFO = INCLUDE_SOURCE;
				MTL_FAST_MATH = YES;
				ONLY_ACTIVE_ARCH = YES;
				PRODUCT_NAME = "$(TARGET_NAME)";
				SDKROOT = macosx;
				SWIFT_ACTIVE_COMPILATION_CONDITIONS = DEBUG;
				SWIFT_OPTIMIZATION_LEVEL = "-Onone";
				SWIFT_VERSION = 5.0;
			};
			name = Debug;
		};
		F4AAA1EE55BF36C09D31FE3F /* Release */ = {
			isa = XCBuildConfiguration;
			buildSettings = {
				ALWAYS_SEARCH_USER_PATHS = NO;
				CLANG_ANALYZER_NONNULL = YES;
				CLANG_ANALYZER_NUMBER_OBJECT_CONVERSION = YES_AGGRESSIVE;
				CLANG_CXX_LANGUAGE_STANDARD = "gnu++14";
				CLANG_CXX_LIBRARY = "libc++";
				CLANG_ENABLE_MODULES = YES;
				CLANG_ENABLE_OBJC_ARC = YES;
				CLANG_ENABLE_OBJC_WEAK = YES;
				CLANG_WARN_BLOCK_CAPTURE_AUTORELEASING = YES;
				CLANG_WARN_BOOL_CONVERSION = YES;
				CLANG_WARN_COMMA = YES;
				CLANG_WARN_CONSTANT_CONVERSION = YES;
				CLANG_WARN_DEPRECATED_OBJC_IMPLEMENTATIONS = YES;
				CLANG_WARN_DIRECT_OBJC_ISA_USAGE = YES_ERROR;
				CLANG_WARN_DOCUMENTATION_COMMENTS = YES;
				CLANG_WARN_EMPTY_BODY = YES;
				CLANG_WARN_ENUM_CONVERSION = YES;
				CLANG_WARN_INFINITE_RECURSION = YES;
				CLANG_WARN_INT_CONVERSION = YES;
				CLANG_WARN_NON_LITERAL_NULL_CONVERSION = YES;
				CLANG_WARN_OBJC_IMPLICIT_RETAIN_SELF = YES;
				CLANG_WARN_OBJC_LITERAL_CONVERSION = YES;
				CLANG_WARN_OBJC_ROOT_CLASS = YES_ERROR;
				CLANG_WARN_QUOTED_INCLUDE_IN_FRAMEWORK_HEADER = YES;
				CLANG_WARN_RANGE_LOOP_ANALYSIS = YES;
				CLANG_WARN_STRICT_PROTOTYPES = YES;
				CLANG_WARN_SUSPICIOUS_MOVE = YES;
				CLANG_WARN_UNGUARDED_AVAILABILITY = YES_AGGRESSIVE;
				CLANG_WARN_UNREACHABLE_CODE = YES;
				CLANG_WARN__DUPLICATE_METHOD_MATCH = YES;
				CODE_SIGNING_ALLOWED = NO;
				CODE_SIGNING_REQUIRED = NO;
				CODE_SIGN_IDENTITY = "";
				COPY_PHASE_STRIP = NO;
				CURRENT_PROJECT_VERSION = 1;
				DEBUG_INFORMATION_FORMAT = "dwarf-with-dsym";
				DEVELOPMENT_TEAM = "";
				ENABLE_HARDENED_RUNTIME = NO;
				ENABLE_NS_ASSERTIONS = NO;
				ENABLE_STRICT_OBJC_MSGSEND = YES;
				GCC_C_LANGUAGE_STANDARD = gnu11;
				GCC_NO_COMMON_BLOCKS = YES;
				GCC_WARN_64_TO_32_BIT_CONVERSION = YES;
				GCC_WARN_ABOUT_RETURN_TYPE = YES_ERROR;
				GCC_WARN_UNDECLARED_SELECTOR = YES;
				GCC_WARN_UNINITIALIZED_AUTOS = YES_AGGRESSIVE;
				GCC_WARN_UNUSED_FUNCTION = YES;
				GCC_WARN_UNUSED_VARIABLE = YES;
				MACOSX_DEPLOYMENT_TARGET = 14.0;
				MARKETING_VERSION = 0.1.0;
				MTL_ENABLE_DEBUG_INFO = NO;
				MTL_FAST_MATH = YES;
				PRODUCT_NAME = "$(TARGET_NAME)";
				SDKROOT = macosx;
				SWIFT_COMPILATION_MODE = wholemodule;
				SWIFT_OPTIMIZATION_LEVEL = "-O";
				SWIFT_VERSION = 5.0;
			};
			name = Release;
		};
/* End XCBuildConfiguration section */

/* Begin XCConfigurationList section */
		2C8FE545420B44E4C93CA487 /* Build configuration list for PBXProject "VibeCodeTrackerApp" */ = {
			isa = XCConfigurationList;
			buildConfigurations = (
				E288A77ADA0C50A6ABA020D0 /* Debug */,
				F4AAA1EE55BF36C09D31FE3F /* Release */,
			);
			defaultConfigurationIsVisible = 0;
			defaultConfigurationName = Debug;
		};
		B118B62ADC1210D6076742EB /* Build configuration list for PBXNativeTarget "VibeCodeTrackerApp" */ = {
			isa = XCConfigurationList;
			buildConfigurations = (
				596ACD4FB700933BA392B5B4 /* Debug */,
				5A1DDED7CA862006D65C5605 /* Release */,
			);
			defaultConfigurationIsVisible = 0;
			defaultConfigurationName = Debug;
		};
		DAC446CAE15F8D9DE15DB47F /* Build configuration list for PBXNativeTarget "VibeCodeTrackerAppTests" */ = {
			isa = XCConfigurationList;
			buildConfigurations = (
				77B56ECD599A284FD1BCF7AB /* Debug */,
				C913E2A2C9243CD9D713C544 /* Release */,
			);
			defaultConfigurationIsVisible = 0;
			defaultConfigurationName = Debug;
		};
/* End XCConfigurationList section */
	};
	rootObject = 87B0C911316A8C0AB2CA687E /* Project object */;
}
